
Microsoft Visual Studio Solution File, Format Version 12.00
Project("{2150E333-8FDC-42A3-9474-1A3956D46DE8}") = "src", "src", "{A3BE085E-2F49-4C6F-9958-AFF648DCAC37}"
EndProject
Project("{FAE04EC0-301F-11D3-BF4B-00C04F79EFBC}") = "Order.API", "Order.API\Order.API.csproj", "{D3FEEEB5-AD6A-4493-9D81-8A13DB3EB2BA}"
EndProject
Global
	GlobalSection(SolutionConfigurationPlatforms) = preSolution
		Debug|Any CPU = Debug|Any CPU
		Release|Any CPU = Release|Any CPU
	EndGlobalSection
	GlobalSection(NestedProjects) = preSolution
		{D3FEEEB5-AD6A-4493-9D81-8A13DB3EB2BA} = {A3BE085E-2F49-4C6F-9958-AFF648DCAC37}
	EndGlobalSection
	GlobalSection(ProjectConfigurationPlatforms) = postSolution
		{D3FEEEB5-AD6A-4493-9D81-8A13DB3EB2BA}.Debug|Any CPU.ActiveCfg = Debug|Any CPU
		{D3FEEEB5-AD6A-4493-9D81-8A13DB3EB2BA}.Debug|Any CPU.Build.0 = Debug|Any CPU
		{D3FEEEB5-AD6A-4493-9D81-8A13DB3EB2BA}.Release|Any CPU.ActiveCfg = Release|Any CPU
		{D3FEEEB5-AD6A-4493-9D81-8A13DB3EB2BA}.Release|Any CPU.Build.0 = Release|Any CPU
	EndGlobalSection
EndGlobal
